// !$*UTF8*$!
{
	archiveVersion = 1;
	classes = {
	};
	objectVersion = 55;
	objects = {

/* Begin PBXBuildFile section */
		1906C25F274275EE005C5124 /* NewsfeedPresenter.swift in Sources */ = {isa = PBXBuildFile; fileRef = 1906C258274275EE005C5124 /* NewsfeedPresenter.swift */; };
		1906C260274275EE005C5124 /* NewsfeedWorker.swift in Sources */ = {isa = PBXBuildFile; fileRef = 1906C259274275EE005C5124 /* NewsfeedWorker.swift */; };
		1906C261274275EE005C5124 /* NewsfeedRouter.swift in Sources */ = {isa = PBXBuildFile; fileRef = 1906C25A274275EE005C5124 /* NewsfeedRouter.swift */; };
		1906C262274275EE005C5124 /* NewsfeedModels.swift in Sources */ = {isa = PBXBuildFile; fileRef = 1906C25B274275EE005C5124 /* NewsfeedModels.swift */; };
		1906C263274275EE005C5124 /* NewsfeedViewController.swift in Sources */ = {isa = PBXBuildFile; fileRef = 1906C25C274275EE005C5124 /* NewsfeedViewController.swift */; };
		1906C264274275EE005C5124 /* NewsfeedInteractor.swift in Sources */ = {isa = PBXBuildFile; fileRef = 1906C25D274275EE005C5124 /* NewsfeedInteractor.swift */; };
		1906C267274279DC005C5124 /* NewsfeedViewController.storyboard in Resources */ = {isa = PBXBuildFile; fileRef = 1906C266274279DC005C5124 /* NewsfeedViewController.storyboard */; };
		1906C26A27428292005C5124 /* NewsfeedCell.swift in Sources */ = {isa = PBXBuildFile; fileRef = 1906C26927428292005C5124 /* NewsfeedCell.swift */; };
		1906C26C274282CB005C5124 /* NewsfeedCell.xib in Resources */ = {isa = PBXBuildFile; fileRef = 1906C26B274282CB005C5124 /* NewsfeedCell.xib */; };
		193B6CC127426D4900227BBD /* FeedResponse.swift in Sources */ = {isa = PBXBuildFile; fileRef = 193B6CC027426D4900227BBD /* FeedResponse.swift */; };
		193B6CC327426FCD00227BBD /* NetworkDataFetcher.swift in Sources */ = {isa = PBXBuildFile; fileRef = 193B6CC227426FCD00227BBD /* NetworkDataFetcher.swift */; };
		1953B58B27467E1500F32520 /* GalleryCollectionView.swift in Sources */ = {isa = PBXBuildFile; fileRef = 1953B58A27467E1500F32520 /* GalleryCollectionView.swift */; };
		1953B58D27467EC100F32520 /* GalleryCollectionViewCell.swift in Sources */ = {isa = PBXBuildFile; fileRef = 1953B58C27467EC100F32520 /* GalleryCollectionViewCell.swift */; };
		1961B9A02743C0650088D5B7 /* WebImageView.swift in Sources */ = {isa = PBXBuildFile; fileRef = 1961B99F2743C0650088D5B7 /* WebImageView.swift */; };
		19A84C71273E6E30003138AD /* NetworkService.swift in Sources */ = {isa = PBXBuildFile; fileRef = 19A84C70273E6E30003138AD /* NetworkService.swift */; };
		19A84C73273E6ED4003138AD /* API.swift in Sources */ = {isa = PBXBuildFile; fileRef = 19A84C72273E6ED4003138AD /* API.swift */; };
		19B9F663274501A300B53C62 /* NewsfeedCellLayoutCalculator.swift in Sources */ = {isa = PBXBuildFile; fileRef = 19B9F662274501A300B53C62 /* NewsfeedCellLayoutCalculator.swift */; };
		19B9F66527450B7300B53C62 /* String + Height.swift in Sources */ = {isa = PBXBuildFile; fileRef = 19B9F66427450B7300B53C62 /* String + Height.swift */; };
		19B9F667274513F400B53C62 /* NewsfeedCodeCell.swift in Sources */ = {isa = PBXBuildFile; fileRef = 19B9F666274513F400B53C62 /* NewsfeedCodeCell.swift */; };
		19B9F669274517DD00B53C62 /* Constraints.swift in Sources */ = {isa = PBXBuildFile; fileRef = 19B9F668274517DD00B53C62 /* Constraints.swift */; };
		19B9F66B27451E2B00B53C62 /* Constants.swift in Sources */ = {isa = PBXBuildFile; fileRef = 19B9F66A27451E2B00B53C62 /* Constants.swift */; };
		19FBEB2F273D314D0085B2E9 /* AppDelegate.swift in Sources */ = {isa = PBXBuildFile; fileRef = 19FBEB2E273D314D0085B2E9 /* AppDelegate.swift */; };
		19FBEB31273D314D0085B2E9 /* SceneDelegate.swift in Sources */ = {isa = PBXBuildFile; fileRef = 19FBEB30273D314D0085B2E9 /* SceneDelegate.swift */; };
		19FBEB33273D314D0085B2E9 /* AuthViewController.swift in Sources */ = {isa = PBXBuildFile; fileRef = 19FBEB32273D314D0085B2E9 /* AuthViewController.swift */; };
		19FBEB38273D31500085B2E9 /* Assets.xcassets in Resources */ = {isa = PBXBuildFile; fileRef = 19FBEB37273D31500085B2E9 /* Assets.xcassets */; };
		19FBEB3B273D31500085B2E9 /* LaunchScreen.storyboard in Resources */ = {isa = PBXBuildFile; fileRef = 19FBEB39273D31500085B2E9 /* LaunchScreen.storyboard */; };
		19FBEB44273D36C20085B2E9 /* VKSdkFramework.xcframework in Frameworks */ = {isa = PBXBuildFile; fileRef = 19FBEB43273D36C20085B2E9 /* VKSdkFramework.xcframework */; };
		19FBEB45273D36C20085B2E9 /* VKSdkFramework.xcframework in Embed Frameworks */ = {isa = PBXBuildFile; fileRef = 19FBEB43273D36C20085B2E9 /* VKSdkFramework.xcframework */; settings = {ATTRIBUTES = (CodeSignOnCopy, RemoveHeadersOnCopy, ); }; };
		19FBEB48273D38E80085B2E9 /* AuthService.swift in Sources */ = {isa = PBXBuildFile; fileRef = 19FBEB47273D38E80085B2E9 /* AuthService.swift */; };
		19FBEB4A273D3A140085B2E9 /* AuthViewController.storyboard in Resources */ = {isa = PBXBuildFile; fileRef = 19FBEB49273D3A140085B2E9 /* AuthViewController.storyboard */; };
/* End PBXBuildFile section */

/* Begin PBXCopyFilesBuildPhase section */
		19FBEB46273D36C20085B2E9 /* Embed Frameworks */ = {
			isa = PBXCopyFilesBuildPhase;
			buildActionMask = 2147483647;
			dstPath = "";
			dstSubfolderSpec = 10;
			files = (
				19FBEB45273D36C20085B2E9 /* VKSdkFramework.xcframework in Embed Frameworks */,
			);
			name = "Embed Frameworks";
			runOnlyForDeploymentPostprocessing = 0;
		};
/* End PBXCopyFilesBuildPhase section */

/* Begin PBXFileReference section */
		1906C258274275EE005C5124 /* NewsfeedPresenter.swift */ = {isa = PBXFileReference; lastKnownFileType = sourcecode.swift; path = NewsfeedPresenter.swift; sourceTree = "<group>"; };
		1906C259274275EE005C5124 /* NewsfeedWorker.swift */ = {isa = PBXFileReference; lastKnownFileType = sourcecode.swift; path = NewsfeedWorker.swift; sourceTree = "<group>"; };
		1906C25A274275EE005C5124 /* NewsfeedRouter.swift */ = {isa = PBXFileReference; lastKnownFileType = sourcecode.swift; path = NewsfeedRouter.swift; sourceTree = "<group>"; };
		1906C25B274275EE005C5124 /* NewsfeedModels.swift */ = {isa = PBXFileReference; lastKnownFileType = sourcecode.swift; path = NewsfeedModels.swift; sourceTree = "<group>"; };
		1906C25C274275EE005C5124 /* NewsfeedViewController.swift */ = {isa = PBXFileReference; lastKnownFileType = sourcecode.swift; path = NewsfeedViewController.swift; sourceTree = "<group>"; };
		1906C25D274275EE005C5124 /* NewsfeedInteractor.swift */ = {isa = PBXFileReference; lastKnownFileType = sourcecode.swift; path = NewsfeedInteractor.swift; sourceTree = "<group>"; };
		1906C266274279DC005C5124 /* NewsfeedViewController.storyboard */ = {isa = PBXFileReference; lastKnownFileType = file.storyboard; path = NewsfeedViewController.storyboard; sourceTree = "<group>"; };
		1906C26927428292005C5124 /* NewsfeedCell.swift */ = {isa = PBXFileReference; lastKnownFileType = sourcecode.swift; path = NewsfeedCell.swift; sourceTree = "<group>"; };
		1906C26B274282CB005C5124 /* NewsfeedCell.xib */ = {isa = PBXFileReference; lastKnownFileType = file.xib; path = NewsfeedCell.xib; sourceTree = "<group>"; };
		193B6CC027426D4900227BBD /* FeedResponse.swift */ = {isa = PBXFileReference; lastKnownFileType = sourcecode.swift; path = FeedResponse.swift; sourceTree = "<group>"; };
		193B6CC227426FCD00227BBD /* NetworkDataFetcher.swift */ = {isa = PBXFileReference; lastKnownFileType = sourcecode.swift; path = NetworkDataFetcher.swift; sourceTree = "<group>"; };
		1953B58A27467E1500F32520 /* GalleryCollectionView.swift */ = {isa = PBXFileReference; lastKnownFileType = sourcecode.swift; path = GalleryCollectionView.swift; sourceTree = "<group>"; };
		1953B58C27467EC100F32520 /* GalleryCollectionViewCell.swift */ = {isa = PBXFileReference; lastKnownFileType = sourcecode.swift; path = GalleryCollectionViewCell.swift; sourceTree = "<group>"; };
		1961B99F2743C0650088D5B7 /* WebImageView.swift */ = {isa = PBXFileReference; lastKnownFileType = sourcecode.swift; path = WebImageView.swift; sourceTree = "<group>"; };
		19A84C70273E6E30003138AD /* NetworkService.swift */ = {isa = PBXFileReference; lastKnownFileType = sourcecode.swift; path = NetworkService.swift; sourceTree = "<group>"; };
		19A84C72273E6ED4003138AD /* API.swift */ = {isa = PBXFileReference; lastKnownFileType = sourcecode.swift; path = API.swift; sourceTree = "<group>"; };
		19B9F662274501A300B53C62 /* NewsfeedCellLayoutCalculator.swift */ = {isa = PBXFileReference; lastKnownFileType = sourcecode.swift; path = NewsfeedCellLayoutCalculator.swift; sourceTree = "<group>"; };
		19B9F66427450B7300B53C62 /* String + Height.swift */ = {isa = PBXFileReference; lastKnownFileType = sourcecode.swift; path = "String + Height.swift"; sourceTree = "<group>"; };
		19B9F666274513F400B53C62 /* NewsfeedCodeCell.swift */ = {isa = PBXFileReference; lastKnownFileType = sourcecode.swift; path = NewsfeedCodeCell.swift; sourceTree = "<group>"; };
		19B9F668274517DD00B53C62 /* Constraints.swift */ = {isa = PBXFileReference; lastKnownFileType = sourcecode.swift; path = Constraints.swift; sourceTree = "<group>"; };
		19B9F66A27451E2B00B53C62 /* Constants.swift */ = {isa = PBXFileReference; lastKnownFileType = sourcecode.swift; path = Constants.swift; sourceTree = "<group>"; };
		19FBEB2B273D314D0085B2E9 /* VKNewsFeed.app */ = {isa = PBXFileReference; explicitFileType = wrapper.application; includeInIndex = 0; path = VKNewsFeed.app; sourceTree = BUILT_PRODUCTS_DIR; };
		19FBEB2E273D314D0085B2E9 /* AppDelegate.swift */ = {isa = PBXFileReference; lastKnownFileType = sourcecode.swift; path = AppDelegate.swift; sourceTree = "<group>"; };
		19FBEB30273D314D0085B2E9 /* SceneDelegate.swift */ = {isa = PBXFileReference; lastKnownFileType = sourcecode.swift; path = SceneDelegate.swift; sourceTree = "<group>"; };
		19FBEB32273D314D0085B2E9 /* AuthViewController.swift */ = {isa = PBXFileReference; lastKnownFileType = sourcecode.swift; path = AuthViewController.swift; sourceTree = "<group>"; };
		19FBEB37273D31500085B2E9 /* Assets.xcassets */ = {isa = PBXFileReference; lastKnownFileType = folder.assetcatalog; path = Assets.xcassets; sourceTree = "<group>"; };
		19FBEB3A273D31500085B2E9 /* Base */ = {isa = PBXFileReference; lastKnownFileType = file.storyboard; name = Base; path = Base.lproj/LaunchScreen.storyboard; sourceTree = "<group>"; };
		19FBEB3C273D31500085B2E9 /* Info.plist */ = {isa = PBXFileReference; lastKnownFileType = text.plist.xml; path = Info.plist; sourceTree = "<group>"; };
		19FBEB43273D36C20085B2E9 /* VKSdkFramework.xcframework */ = {isa = PBXFileReference; lastKnownFileType = wrapper.xcframework; name = VKSdkFramework.xcframework; path = Carthage/Build/VKSdkFramework.xcframework; sourceTree = "<group>"; };
		19FBEB47273D38E80085B2E9 /* AuthService.swift */ = {isa = PBXFileReference; lastKnownFileType = sourcecode.swift; path = AuthService.swift; sourceTree = "<group>"; };
		19FBEB49273D3A140085B2E9 /* AuthViewController.storyboard */ = {isa = PBXFileReference; lastKnownFileType = file.storyboard; path = AuthViewController.storyboard; sourceTree = "<group>"; };
/* End PBXFileReference section */

/* Begin PBXFrameworksBuildPhase section */
		19FBEB28273D314D0085B2E9 /* Frameworks */ = {
			isa = PBXFrameworksBuildPhase;
			buildActionMask = 2147483647;
			files = (
				19FBEB44273D36C20085B2E9 /* VKSdkFramework.xcframework in Frameworks */,
			);
			runOnlyForDeploymentPostprocessing = 0;
		};
/* End PBXFrameworksBuildPhase section */

/* Begin PBXGroup section */
		1906792F273D45750009BA44 /* Auth */ = {
			isa = PBXGroup;
			children = (
				19FBEB32273D314D0085B2E9 /* AuthViewController.swift */,
				19FBEB49273D3A140085B2E9 /* AuthViewController.storyboard */,
			);
			path = Auth;
			sourceTree = "<group>";
		};
		1906C257274275C2005C5124 /* Newsfeed */ = {
			isa = PBXGroup;
			children = (
				1953B58927467DFF00F32520 /* GalleryView */,
				1906C26827428282005C5124 /* Cell */,
				1906C266274279DC005C5124 /* NewsfeedViewController.storyboard */,
				1906C25C274275EE005C5124 /* NewsfeedViewController.swift */,
				1906C25D274275EE005C5124 /* NewsfeedInteractor.swift */,
				1906C258274275EE005C5124 /* NewsfeedPresenter.swift */,
				1906C25B274275EE005C5124 /* NewsfeedModels.swift */,
				1906C259274275EE005C5124 /* NewsfeedWorker.swift */,
				1906C25A274275EE005C5124 /* NewsfeedRouter.swift */,
			);
			path = Newsfeed;
			sourceTree = "<group>";
		};
		1906C26827428282005C5124 /* Cell */ = {
			isa = PBXGroup;
			children = (
				1906C26B274282CB005C5124 /* NewsfeedCell.xib */,
				1906C26927428292005C5124 /* NewsfeedCell.swift */,
				19B9F666274513F400B53C62 /* NewsfeedCodeCell.swift */,
				19B9F662274501A300B53C62 /* NewsfeedCellLayoutCalculator.swift */,
				19B9F66A27451E2B00B53C62 /* Constants.swift */,
			);
			path = Cell;
			sourceTree = "<group>";
		};
		193B6CBF27426D2600227BBD /* Models */ = {
			isa = PBXGroup;
			children = (
				193B6CC027426D4900227BBD /* FeedResponse.swift */,
			);
			path = Models;
			sourceTree = "<group>";
		};
		1953B58927467DFF00F32520 /* GalleryView */ = {
			isa = PBXGroup;
			children = (
				1953B58A27467E1500F32520 /* GalleryCollectionView.swift */,
				1953B58C27467EC100F32520 /* GalleryCollectionViewCell.swift */,
			);
			path = GalleryView;
			sourceTree = "<group>";
		};
		1960DBA52743BF23008502D4 /* Helpers */ = {
			isa = PBXGroup;
			children = (
				19FBEB3C273D31500085B2E9 /* Info.plist */,
				19FBEB39273D31500085B2E9 /* LaunchScreen.storyboard */,
				19FBEB37273D31500085B2E9 /* Assets.xcassets */,
				1961B99F2743C0650088D5B7 /* WebImageView.swift */,
				19B9F66427450B7300B53C62 /* String + Height.swift */,
				19B9F668274517DD00B53C62 /* Constraints.swift */,
			);
			path = Helpers;
			sourceTree = "<group>";
		};
		19FBEB22273D314D0085B2E9 = {
			isa = PBXGroup;
			children = (
				19FBEB2D273D314D0085B2E9 /* VKNewsFeed */,
				19FBEB2C273D314D0085B2E9 /* Products */,
				19FBEB42273D36C20085B2E9 /* Frameworks */,
			);
			sourceTree = "<group>";
		};
		19FBEB2C273D314D0085B2E9 /* Products */ = {
			isa = PBXGroup;
			children = (
				19FBEB2B273D314D0085B2E9 /* VKNewsFeed.app */,
			);
			name = Products;
			sourceTree = "<group>";
		};
		19FBEB2D273D314D0085B2E9 /* VKNewsFeed */ = {
			isa = PBXGroup;
			children = (
				19FBEB2E273D314D0085B2E9 /* AppDelegate.swift */,
				19FBEB30273D314D0085B2E9 /* SceneDelegate.swift */,
				19FBEB4B273D42CA0085B2E9 /* Services */,
				1906792F273D45750009BA44 /* Auth */,
				1906C257274275C2005C5124 /* Newsfeed */,
				1960DBA52743BF23008502D4 /* Helpers */,
			);
			path = VKNewsFeed;
			sourceTree = "<group>";
		};
		19FBEB42273D36C20085B2E9 /* Frameworks */ = {
			isa = PBXGroup;
			children = (
				19FBEB43273D36C20085B2E9 /* VKSdkFramework.xcframework */,
			);
			name = Frameworks;
			sourceTree = "<group>";
		};
		19FBEB4B273D42CA0085B2E9 /* Services */ = {
			isa = PBXGroup;
			children = (
				193B6CBF27426D2600227BBD /* Models */,
				19FBEB47273D38E80085B2E9 /* AuthService.swift */,
				19A84C70273E6E30003138AD /* NetworkService.swift */,
				193B6CC227426FCD00227BBD /* NetworkDataFetcher.swift */,
				19A84C72273E6ED4003138AD /* API.swift */,
			);
			path = Services;
			sourceTree = "<group>";
		};
/* End PBXGroup section */

/* Begin PBXNativeTarget section */
		19FBEB2A273D314D0085B2E9 /* VKNewsFeed */ = {
			isa = PBXNativeTarget;
			buildConfigurationList = 19FBEB3F273D31500085B2E9 /* Build configuration list for PBXNativeTarget "VKNewsFeed" */;
			buildPhases = (
				19FBEB27273D314D0085B2E9 /* Sources */,
				19FBEB28273D314D0085B2E9 /* Frameworks */,
				19FBEB29273D314D0085B2E9 /* Resources */,
				19FBEB46273D36C20085B2E9 /* Embed Frameworks */,
			);
			buildRules = (
			);
			dependencies = (
			);
			name = VKNewsFeed;
			productName = VKNewsFeed;
			productReference = 19FBEB2B273D314D0085B2E9 /* VKNewsFeed.app */;
			productType = "com.apple.product-type.application";
		};
/* End PBXNativeTarget section */

/* Begin PBXProject section */
		19FBEB23273D314D0085B2E9 /* Project object */ = {
			isa = PBXProject;
			attributes = {
				BuildIndependentTargetsInParallel = 1;
				LastSwiftUpdateCheck = 1300;
				LastUpgradeCheck = 1300;
				TargetAttributes = {
					19FBEB2A273D314D0085B2E9 = {
						CreatedOnToolsVersion = 13.0;
					};
				};
			};
			buildConfigurationList = 19FBEB26273D314D0085B2E9 /* Build configuration list for PBXProject "VKNewsFeed" */;
			compatibilityVersion = "Xcode 13.0";
			developmentRegion = en;
			hasScannedForEncodings = 0;
			knownRegions = (
				en,
				Base,
			);
			mainGroup = 19FBEB22273D314D0085B2E9;
			productRefGroup = 19FBEB2C273D314D0085B2E9 /* Products */;
			projectDirPath = "";
			projectRoot = "";
			targets = (
				19FBEB2A273D314D0085B2E9 /* VKNewsFeed */,
			);
		};
/* End PBXProject section */

/* Begin PBXResourcesBuildPhase section */
		19FBEB29273D314D0085B2E9 /* Resources */ = {
			isa = PBXResourcesBuildPhase;
			buildActionMask = 2147483647;
			files = (
				19FBEB3B273D31500085B2E9 /* LaunchScreen.storyboard in Resources */,
				19FBEB4A273D3A140085B2E9 /* AuthViewController.storyboard in Resources */,
				1906C267274279DC005C5124 /* NewsfeedViewController.storyboard in Resources */,
				19FBEB38273D31500085B2E9 /* Assets.xcassets in Resources */,
				1906C26C274282CB005C5124 /* NewsfeedCell.xib in Resources */,
			);
			runOnlyForDeploymentPostprocessing = 0;
		};
/* End PBXResourcesBuildPhase section */

/* Begin PBXSourcesBuildPhase section */
		19FBEB27273D314D0085B2E9 /* Sources */ = {
			isa = PBXSourcesBuildPhase;
			buildActionMask = 2147483647;
			files = (
				193B6CC127426D4900227BBD /* FeedResponse.swift in Sources */,
				19B9F66527450B7300B53C62 /* String + Height.swift in Sources */,
				1906C263274275EE005C5124 /* NewsfeedViewController.swift in Sources */,
				19FBEB33273D314D0085B2E9 /* AuthViewController.swift in Sources */,
				1953B58D27467EC100F32520 /* GalleryCollectionViewCell.swift in Sources */,
				19FBEB2F273D314D0085B2E9 /* AppDelegate.swift in Sources */,
				1906C25F274275EE005C5124 /* NewsfeedPresenter.swift in Sources */,
				1906C261274275EE005C5124 /* NewsfeedRouter.swift in Sources */,
				19FBEB31273D314D0085B2E9 /* SceneDelegate.swift in Sources */,
				19A84C71273E6E30003138AD /* NetworkService.swift in Sources */,
				1906C262274275EE005C5124 /* NewsfeedModels.swift in Sources */,
				19B9F663274501A300B53C62 /* NewsfeedCellLayoutCalculator.swift in Sources */,
				19B9F66B27451E2B00B53C62 /* Constants.swift in Sources */,
				19B9F667274513F400B53C62 /* NewsfeedCodeCell.swift in Sources */,
				19B9F669274517DD00B53C62 /* Constraints.swift in Sources */,
				1961B9A02743C0650088D5B7 /* WebImageView.swift in Sources */,
				193B6CC327426FCD00227BBD /* NetworkDataFetcher.swift in Sources */,
				1906C260274275EE005C5124 /* NewsfeedWorker.swift in Sources */,
				19FBEB48273D38E80085B2E9 /* AuthService.swift in Sources */,
				19A84C73273E6ED4003138AD /* API.swift in Sources */,
				1953B58B27467E1500F32520 /* GalleryCollectionView.swift in Sources */,
				1906C26A27428292005C5124 /* NewsfeedCell.swift in Sources */,
				1906C264274275EE005C5124 /* NewsfeedInteractor.swift in Sources */,
			);
			runOnlyForDeploymentPostprocessing = 0;
		};
/* End PBXSourcesBuildPhase section */

/* Begin PBXVariantGroup section */
		19FBEB39273D31500085B2E9 /* LaunchScreen.storyboard */ = {
			isa = PBXVariantGroup;
			children = (
				19FBEB3A273D31500085B2E9 /* Base */,
			);
			name = LaunchScreen.storyboard;
			sourceTree = "<group>";
		};
/* End PBXVariantGroup section */

/* Begin XCBuildConfiguration section */
		19FBEB3D273D31500085B2E9 /* Debug */ = {
			isa = XCBuildConfiguration;
			buildSettings = {
				ALWAYS_SEARCH_USER_PATHS = NO;
				CLANG_ANALYZER_NONNULL = YES;
				CLANG_ANALYZER_NUMBER_OBJECT_CONVERSION = YES_AGGRESSIVE;
				CLANG_CXX_LANGUAGE_STANDARD = "gnu++17";
				CLANG_CXX_LIBRARY = "libc++";
				CLANG_ENABLE_MODULES = YES;
				CLANG_ENABLE_OBJC_ARC = YES;
				CLANG_ENABLE_OBJC_WEAK = YES;
				CLANG_WARN_BLOCK_CAPTURE_AUTORELEASING = YES;
				CLANG_WARN_BOOL_CONVERSION = YES;
				CLANG_WARN_COMMA = YES;
				CLANG_WARN_CONSTANT_CONVERSION = YES;
				CLANG_WARN_DEPRECATED_OBJC_IMPLEMENTATIONS = YES;
				CLANG_WARN_DIRECT_OBJC_ISA_USAGE = YES_ERROR;
				CLANG_WARN_DOCUMENTATION_COMMENTS = YES;
				CLANG_WARN_EMPTY_BODY = YES;
				CLANG_WARN_ENUM_CONVERSION = YES;
				CLANG_WARN_INFINITE_RECURSION = YES;
				CLANG_WARN_INT_CONVERSION = YES;
				CLANG_WARN_NON_LITERAL_NULL_CONVERSION = YES;
				CLANG_WARN_OBJC_IMPLICIT_RETAIN_SELF = YES;
				CLANG_WARN_OBJC_LITERAL_CONVERSION = YES;
				CLANG_WARN_OBJC_ROOT_CLASS = YES_ERROR;
				CLANG_WARN_QUOTED_INCLUDE_IN_FRAMEWORK_HEADER = YES;
				CLANG_WARN_RANGE_LOOP_ANALYSIS = YES;
				CLANG_WARN_STRICT_PROTOTYPES = YES;
				CLANG_WARN_SUSPICIOUS_MOVE = YES;
				CLANG_WARN_UNGUARDED_AVAILABILITY = YES_AGGRESSIVE;
				CLANG_WARN_UNREACHABLE_CODE = YES;
				CLANG_WARN__DUPLICATE_METHOD_MATCH = YES;
				COPY_PHASE_STRIP = NO;
				DEBUG_INFORMATION_FORMAT = dwarf;
				ENABLE_STRICT_OBJC_MSGSEND = YES;
				ENABLE_TESTABILITY = YES;
				GCC_C_LANGUAGE_STANDARD = gnu11;
				GCC_DYNAMIC_NO_PIC = NO;
				GCC_NO_COMMON_BLOCKS = YES;
				GCC_OPTIMIZATION_LEVEL = 0;
				GCC_PREPROCESSOR_DEFINITIONS = (
					"DEBUG=1",
					"$(inherited)",
				);
				GCC_WARN_64_TO_32_BIT_CONVERSION = YES;
				GCC_WARN_ABOUT_RETURN_TYPE = YES_ERROR;
				GCC_WARN_UNDECLARED_SELECTOR = YES;
				GCC_WARN_UNINITIALIZED_AUTOS = YES_AGGRESSIVE;
				GCC_WARN_UNUSED_FUNCTION = YES;
				GCC_WARN_UNUSED_VARIABLE = YES;
				IPHONEOS_DEPLOYMENT_TARGET = 15.0;
				MTL_ENABLE_DEBUG_INFO = INCLUDE_SOURCE;
				MTL_FAST_MATH = YES;
				ONLY_ACTIVE_ARCH = YES;
				SDKROOT = iphoneos;
				SWIFT_ACTIVE_COMPILATION_CONDITIONS = DEBUG;
				SWIFT_OPTIMIZATION_LEVEL = "-Onone";
			};
			name = Debug;
		};
		19FBEB3E273D31500085B2E9 /* Release */ = {
			isa = XCBuildConfiguration;
			buildSettings = {
				ALWAYS_SEARCH_USER_PATHS = NO;
				CLANG_ANALYZER_NONNULL = YES;
				CLANG_ANALYZER_NUMBER_OBJECT_CONVERSION = YES_AGGRESSIVE;
				CLANG_CXX_LANGUAGE_STANDARD = "gnu++17";
				CLANG_CXX_LIBRARY = "libc++";
				CLANG_ENABLE_MODULES = YES;
				CLANG_ENABLE_OBJC_ARC = YES;
				CLANG_ENABLE_OBJC_WEAK = YES;
				CLANG_WARN_BLOCK_CAPTURE_AUTORELEASING = YES;
				CLANG_WARN_BOOL_CONVERSION = YES;
				CLANG_WARN_COMMA = YES;
				CLANG_WARN_CONSTANT_CONVERSION = YES;
				CLANG_WARN_DEPRECATED_OBJC_IMPLEMENTATIONS = YES;
				CLANG_WARN_DIRECT_OBJC_ISA_USAGE = YES_ERROR;
				CLANG_WARN_DOCUMENTATION_COMMENTS = YES;
				CLANG_WARN_EMPTY_BODY = YES;
				CLANG_WARN_ENUM_CONVERSION = YES;
				CLANG_WARN_INFINITE_RECURSION = YES;
				CLANG_WARN_INT_CONVERSION = YES;
				CLANG_WARN_NON_LITERAL_NULL_CONVERSION = YES;
				CLANG_WARN_OBJC_IMPLICIT_RETAIN_SELF = YES;
				CLANG_WARN_OBJC_LITERAL_CONVERSION = YES;
				CLANG_WARN_OBJC_ROOT_CLASS = YES_ERROR;
				CLANG_WARN_QUOTED_INCLUDE_IN_FRAMEWORK_HEADER = YES;
				CLANG_WARN_RANGE_LOOP_ANALYSIS = YES;
				CLANG_WARN_STRICT_PROTOTYPES = YES;
				CLANG_WARN_SUSPICIOUS_MOVE = YES;
				CLANG_WARN_UNGUARDED_AVAILABILITY = YES_AGGRESSIVE;
				CLANG_WARN_UNREACHABLE_CODE = YES;
				CLANG_WARN__DUPLICATE_METHOD_MATCH = YES;
				COPY_PHASE_STRIP = NO;
				DEBUG_INFORMATION_FORMAT = "dwarf-with-dsym";
				ENABLE_NS_ASSERTIONS = NO;
				ENABLE_STRICT_OBJC_MSGSEND = YES;
				GCC_C_LANGUAGE_STANDARD = gnu11;
				GCC_NO_COMMON_BLOCKS = YES;
				GCC_WARN_64_TO_32_BIT_CONVERSION = YES;
				GCC_WARN_ABOUT_RETURN_TYPE = YES_ERROR;
				GCC_WARN_UNDECLARED_SELECTOR = YES;
				GCC_WARN_UNINITIALIZED_AUTOS = YES_AGGRESSIVE;
				GCC_WARN_UNUSED_FUNCTION = YES;
				GCC_WARN_UNUSED_VARIABLE = YES;
				IPHONEOS_DEPLOYMENT_TARGET = 15.0;
				MTL_ENABLE_DEBUG_INFO = NO;
				MTL_FAST_MATH = YES;
				SDKROOT = iphoneos;
				SWIFT_COMPILATION_MODE = wholemodule;
				SWIFT_OPTIMIZATION_LEVEL = "-O";
				VALIDATE_PRODUCT = YES;
			};
			name = Release;
		};
		19FBEB40273D31500085B2E9 /* Debug */ = {
			isa = XCBuildConfiguration;
			buildSettings = {
				ASSETCATALOG_COMPILER_APPICON_NAME = AppIcon;
				ASSETCATALOG_COMPILER_GLOBAL_ACCENT_COLOR_NAME = AccentColor;
				CODE_SIGN_STYLE = Automatic;
				CURRENT_PROJECT_VERSION = 1;
				DEVELOPMENT_TEAM = 562JMNMA93;
				GENERATE_INFOPLIST_FILE = YES;
				INFOPLIST_FILE = VKNewsFeed/Helpers/Info.plist;
				INFOPLIST_KEY_UIApplicationSupportsIndirectInputEvents = YES;
				INFOPLIST_KEY_UILaunchStoryboardName = LaunchScreen;
				INFOPLIST_KEY_UISupportedInterfaceOrientations_iPad = "UIInterfaceOrientationPortrait UIInterfaceOrientationPortraitUpsideDown UIInterfaceOrientationLandscapeLeft UIInterfaceOrientationLandscapeRight";
				INFOPLIST_KEY_UISupportedInterfaceOrientations_iPhone = "UIInterfaceOrientationPortrait UIInterfaceOrientationLandscapeLeft UIInterfaceOrientationLandscapeRight";
				LD_RUNPATH_SEARCH_PATHS = (
					"$(inherited)",
					"@executable_path/Frameworks",
				);
				MARKETING_VERSION = 1.0;
				PRODUCT_BUNDLE_IDENTIFIER = "Oleg-Kanatov.VKNewsFeed";
				PRODUCT_NAME = "$(TARGET_NAME)";
				SWIFT_EMIT_LOC_STRINGS = YES;
				SWIFT_VERSION = 5.0;
				TARGETED_DEVICE_FAMILY = "1,2";
			};
			name = Debug;
		};
		19FBEB41273D31500085B2E9 /* Release */ = {
			isa = XCBuildConfiguration;
			buildSettings = {
				ASSETCATALOG_COMPILER_APPICON_NAME = AppIcon;
				ASSETCATALOG_COMPILER_GLOBAL_ACCENT_COLOR_NAME = AccentColor;
				CODE_SIGN_STYLE = Automatic;
				CURRENT_PROJECT_VERSION = 1;
				DEVELOPMENT_TEAM = 562JMNMA93;
				GENERATE_INFOPLIST_FILE = YES;
				INFOPLIST_FILE = VKNewsFeed/Helpers/Info.plist;
				INFOPLIST_KEY_UIApplicationSupportsIndirectInputEvents = YES;
				INFOPLIST_KEY_UILaunchStoryboardName = LaunchScreen;
				INFOPLIST_KEY_UISupportedInterfaceOrientations_iPad = "UIInterfaceOrientationPortrait UIInterfaceOrientationPortraitUpsideDown UIInterfaceOrientationLandscapeLeft UIInterfaceOrientationLandscapeRight";
				INFOPLIST_KEY_UISupportedInterfaceOrientations_iPhone = "UIInterfaceOrientationPortrait UIInterfaceOrientationLandscapeLeft UIInterfaceOrientationLandscapeRight";
				LD_RUNPATH_SEARCH_PATHS = (
					"$(inherited)",
					"@executable_path/Frameworks",
				);
				MARKETING_VERSION = 1.0;
				PRODUCT_BUNDLE_IDENTIFIER = "Oleg-Kanatov.VKNewsFeed";
				PRODUCT_NAME = "$(TARGET_NAME)";
				SWIFT_EMIT_LOC_STRINGS = YES;
				SWIFT_VERSION = 5.0;
				TARGETED_DEVICE_FAMILY = "1,2";
			};
			name = Release;
		};
/* End XCBuildConfiguration section */

/* Begin XCConfigurationList section */
		19FBEB26273D314D0085B2E9 /* Build configuration list for PBXProject "VKNewsFeed" */ = {
			isa = XCConfigurationList;
			buildConfigurations = (
				19FBEB3D273D31500085B2E9 /* Debug */,
				19FBEB3E273D31500085B2E9 /* Release */,
			);
			defaultConfigurationIsVisible = 0;
			defaultConfigurationName = Release;
		};
		19FBEB3F273D31500085B2E9 /* Build configuration list for PBXNativeTarget "VKNewsFeed" */ = {
			isa = XCConfigurationList;
			buildConfigurations = (
				19FBEB40273D31500085B2E9 /* Debug */,
				19FBEB41273D31500085B2E9 /* Release */,
			);
			defaultConfigurationIsVisible = 0;
			defaultConfigurationName = Release;
		};
/* End XCConfigurationList section */
	};
	rootObject = 19FBEB23273D314D0085B2E9 /* Project object */;
}
